
Microsoft Visual Studio Solution File, Format Version 12.00
# Visual Studio Version 16
VisualStudioVersion = 16.0.31321.278
MinimumVisualStudioVersion = 10.0.40219.1
Project("{FAE04EC0-301F-11D3-BF4B-00C04F79EFBC}") = "PatientAppDec", "PatientAppDec.csproj", "{133073A3-D1F3-4CA8-9CA0-6A07A0342A5B}"
EndProject
Project("{FAE04EC0-301F-11D3-BF4B-00C04F79EFBC}") = "PatientModel", "..\PatientModel\PatientModel.csproj", "{A0124FE6-7982-4802-AB58-D1E9221760BF}"
EndProject
Project("{FAE04EC0-301F-11D3-BF4B-00C04F79EFBC}") = "ProjectDbContext", "..\ProjectDbContext\ProjectDbContext.csproj", "{CFB7C321-C946-4633-9186-8432B2CAAB9E}"
EndProject
Global
	GlobalSection(SolutionConfigurationPlatforms) = preSolution
		Debug|Any CPU = Debug|Any CPU
		Release|Any CPU = Release|Any CPU
	EndGlobalSection
	GlobalSection(ProjectConfigurationPlatforms) = postSolution
		{133073A3-D1F3-4CA8-9CA0-6A07A0342A5B}.Debug|Any CPU.ActiveCfg = Debug|Any CPU
		{133073A3-D1F3-4CA8-9CA0-6A07A0342A5B}.Debug|Any CPU.Build.0 = Debug|Any CPU
		{133073A3-D1F3-4CA8-9CA0-6A07A0342A5B}.Release|Any CPU.ActiveCfg = Release|Any CPU
		{133073A3-D1F3-4CA8-9CA0-6A07A0342A5B}.Release|Any CPU.Build.0 = Release|Any CPU
		{A0124FE6-7982-4802-AB58-D1E9221760BF}.Debug|Any CPU.ActiveCfg = Debug|Any CPU
		{A0124FE6-7982-4802-AB58-D1E9221760BF}.Debug|Any CPU.Build.0 = Debug|Any CPU
		{A0124FE6-7982-4802-AB58-D1E9221760BF}.Release|Any CPU.ActiveCfg = Release|Any CPU
		{A0124FE6-7982-4802-AB58-D1E9221760BF}.Release|Any CPU.Build.0 = Release|Any CPU
		{CFB7C321-C946-4633-9186-8432B2CAAB9E}.Debug|Any CPU.ActiveCfg = Debug|Any CPU
		{CFB7C321-C946-4633-9186-8432B2CAAB9E}.Debug|Any CPU.Build.0 = Debug|Any CPU
		{CFB7C321-C946-4633-9186-8432B2CAAB9E}.Release|Any CPU.ActiveCfg = Release|Any CPU
		{CFB7C321-C946-4633-9186-8432B2CAAB9E}.Release|Any CPU.Build.0 = Release|Any CPU
	EndGlobalSection
	GlobalSection(SolutionProperties) = preSolution
		HideSolutionNode = FALSE
	EndGlobalSection
	GlobalSection(ExtensibilityGlobals) = postSolution
		SolutionGuid = {6AAB0F9F-2194-4188-B71A-3EE30D9C24D1}
	EndGlobalSection
EndGlobal
